
Microsoft Visual Studio Solution File, Format Version 12.00
# Visual Studio Version 16
VisualStudioVersion = 16.0.29613.14
MinimumVisualStudioVersion = 10.0.40219.1
Project("{FAE04EC0-301F-11D3-BF4B-00C04F79EFBC}") = "cf085115_Mis4200", "cf085115_Mis4200.csproj", "{77B29CE8-2B1A-434D-B5A5-B1ECF913E468}"
EndProject
Global
	GlobalSection(SolutionConfigurationPlatforms) = preSolution
		Debug|Any CPU = Debug|Any CPU
		Release|Any CPU = Release|Any CPU
	EndGlobalSection
	GlobalSection(ProjectConfigurationPlatforms) = postSolution
		{77B29CE8-2B1A-434D-B5A5-B1ECF913E468}.Debug|Any CPU.ActiveCfg = Debug|Any CPU
		{77B29CE8-2B1A-434D-B5A5-B1ECF913E468}.Debug|Any CPU.Build.0 = Debug|Any CPU
		{77B29CE8-2B1A-434D-B5A5-B1ECF913E468}.Release|Any CPU.ActiveCfg = Release|Any CPU
		{77B29CE8-2B1A-434D-B5A5-B1ECF913E468}.Release|Any CPU.Build.0 = Release|Any CPU
	EndGlobalSection
	GlobalSection(SolutionProperties) = preSolution
		HideSolutionNode = FALSE
	EndGlobalSection
	GlobalSection(ExtensibilityGlobals) = postSolution
		SolutionGuid = {EA4C1CC8-5A08-4621-B45C-B11ED2804BD0}
	EndGlobalSection
EndGlobal
